
Microsoft Visual Studio Solution File, Format Version 12.00
# Visual Studio Version 17
VisualStudioVersion = 17.2.32630.192
MinimumVisualStudioVersion = 10.0.40219.1
Project("{FAE04EC0-301F-11D3-BF4B-00C04F79EFBC}") = "Atividade POO 28082022", "Atividade POO 28082022\Atividade POO 28082022.csproj", "{C9A3E64F-EC4B-4C6C-ABCD-E9A228BE7E2A}"
EndProject
Global
	GlobalSection(SolutionConfigurationPlatforms) = preSolution
		Debug|Any CPU = Debug|Any CPU
		Release|Any CPU = Release|Any CPU
	EndGlobalSection
	GlobalSection(ProjectConfigurationPlatforms) = postSolution
		{C9A3E64F-EC4B-4C6C-ABCD-E9A228BE7E2A}.Debug|Any CPU.ActiveCfg = Debug|Any CPU
		{C9A3E64F-EC4B-4C6C-ABCD-E9A228BE7E2A}.Debug|Any CPU.Build.0 = Debug|Any CPU
		{C9A3E64F-EC4B-4C6C-ABCD-E9A228BE7E2A}.Release|Any CPU.ActiveCfg = Release|Any CPU
		{C9A3E64F-EC4B-4C6C-ABCD-E9A228BE7E2A}.Release|Any CPU.Build.0 = Release|Any CPU
	EndGlobalSection
	GlobalSection(SolutionProperties) = preSolution
		HideSolutionNode = FALSE
	EndGlobalSection
	GlobalSection(ExtensibilityGlobals) = postSolution
		SolutionGuid = {7E9EBE07-94A3-44BF-AC14-8CD6F5E1B22A}
	EndGlobalSection
EndGlobal
